
Microsoft Visual Studio Solution File, Format Version 12.00
# Visual Studio Version 17
VisualStudioVersion = 17.3.32929.385
MinimumVisualStudioVersion = 10.0.40219.1
Project("{FAE04EC0-301F-11D3-BF4B-00C04F79EFBC}") = "SignalRServerExample", "SignalRServerExample\SignalRServerExample.csproj", "{AC7A1CC9-80A2-45E2-A816-0AB8FD25ADD3}"
EndProject
Global
	GlobalSection(SolutionConfigurationPlatforms) = preSolution
		Debug|Any CPU = Debug|Any CPU
		Release|Any CPU = Release|Any CPU
	EndGlobalSection
	GlobalSection(ProjectConfigurationPlatforms) = postSolution
		{AC7A1CC9-80A2-45E2-A816-0AB8FD25ADD3}.Debug|Any CPU.ActiveCfg = Debug|Any CPU
		{AC7A1CC9-80A2-45E2-A816-0AB8FD25ADD3}.Debug|Any CPU.Build.0 = Debug|Any CPU
		{AC7A1CC9-80A2-45E2-A816-0AB8FD25ADD3}.Release|Any CPU.ActiveCfg = Release|Any CPU
		{AC7A1CC9-80A2-45E2-A816-0AB8FD25ADD3}.Release|Any CPU.Build.0 = Release|Any CPU
	EndGlobalSection
	GlobalSection(SolutionProperties) = preSolution
		HideSolutionNode = FALSE
	EndGlobalSection
	GlobalSection(ExtensibilityGlobals) = postSolution
		SolutionGuid = {ECC218D9-FE3B-42F5-BE87-F771A1711A42}
	EndGlobalSection
EndGlobal
